
Microsoft Visual Studio Solution File, Format Version 12.00
# Visual Studio Version 17
VisualStudioVersion = 17.8.34330.188
MinimumVisualStudioVersion = 10.0.40219.1
Project("{FAE04EC0-301F-11D3-BF4B-00C04F79EFBC}") = "4_NguyenQuangVinh_Demo1", "Demo1\4_NguyenQuangVinh_Demo1.csproj", "{C8FE1F50-694C-40A6-BAED-702075B5E665}"
EndProject
Global
	GlobalSection(SolutionConfigurationPlatforms) = preSolution
		Debug|Any CPU = Debug|Any CPU
		Release|Any CPU = Release|Any CPU
	EndGlobalSection
	GlobalSection(ProjectConfigurationPlatforms) = postSolution
		{C8FE1F50-694C-40A6-BAED-702075B5E665}.Debug|Any CPU.ActiveCfg = Debug|Any CPU
		{C8FE1F50-694C-40A6-BAED-702075B5E665}.Debug|Any CPU.Build.0 = Debug|Any CPU
		{C8FE1F50-694C-40A6-BAED-702075B5E665}.Release|Any CPU.ActiveCfg = Release|Any CPU
		{C8FE1F50-694C-40A6-BAED-702075B5E665}.Release|Any CPU.Build.0 = Release|Any CPU
	EndGlobalSection
	GlobalSection(SolutionProperties) = preSolution
		HideSolutionNode = FALSE
	EndGlobalSection
	GlobalSection(ExtensibilityGlobals) = postSolution
		SolutionGuid = {E9B1327A-0808-4BFD-92D3-4ED429DF69AB}
	EndGlobalSection
EndGlobal
