
Microsoft Visual Studio Solution File, Format Version 12.00
# Visual Studio Version 17
VisualStudioVersion = 17.4.33205.214
MinimumVisualStudioVersion = 10.0.40219.1
Project("{9A19103F-16F7-4668-BE54-9A1E7A4F7556}") = "SignalRUsercount", "SignalRUsercount\SignalRUsercount.csproj", "{5AF3E4A6-B84F-4F96-A235-6C0340EF3CA1}"
EndProject
Project("{FAE04EC0-301F-11D3-BF4B-00C04F79EFBC}") = "SignalRDeathly", "SignalRDeathly\SignalRDeathly.csproj", "{DDDDD131-57B3-4F21-B933-9D25CE35A956}"
EndProject
Project("{FAE04EC0-301F-11D3-BF4B-00C04F79EFBC}") = "SignalRNotification", "SignalRNotification\SignalRNotification.csproj", "{0E96D561-BB20-432C-BD60-51F86095E0BC}"
EndProject
Project("{FAE04EC0-301F-11D3-BF4B-00C04F79EFBC}") = "SignalRGroup", "SignalRGroup\SignalRGroup.csproj", "{F8E6ED1B-DFAE-4654-BD7E-DF0656F8B361}"
EndProject
Global
	GlobalSection(SolutionConfigurationPlatforms) = preSolution
		Debug|Any CPU = Debug|Any CPU
		Release|Any CPU = Release|Any CPU
	EndGlobalSection
	GlobalSection(ProjectConfigurationPlatforms) = postSolution
		{5AF3E4A6-B84F-4F96-A235-6C0340EF3CA1}.Debug|Any CPU.ActiveCfg = Debug|Any CPU
		{5AF3E4A6-B84F-4F96-A235-6C0340EF3CA1}.Debug|Any CPU.Build.0 = Debug|Any CPU
		{5AF3E4A6-B84F-4F96-A235-6C0340EF3CA1}.Release|Any CPU.ActiveCfg = Release|Any CPU
		{5AF3E4A6-B84F-4F96-A235-6C0340EF3CA1}.Release|Any CPU.Build.0 = Release|Any CPU
		{DDDDD131-57B3-4F21-B933-9D25CE35A956}.Debug|Any CPU.ActiveCfg = Debug|Any CPU
		{DDDDD131-57B3-4F21-B933-9D25CE35A956}.Debug|Any CPU.Build.0 = Debug|Any CPU
		{DDDDD131-57B3-4F21-B933-9D25CE35A956}.Release|Any CPU.ActiveCfg = Release|Any CPU
		{DDDDD131-57B3-4F21-B933-9D25CE35A956}.Release|Any CPU.Build.0 = Release|Any CPU
		{0E96D561-BB20-432C-BD60-51F86095E0BC}.Debug|Any CPU.ActiveCfg = Debug|Any CPU
		{0E96D561-BB20-432C-BD60-51F86095E0BC}.Debug|Any CPU.Build.0 = Debug|Any CPU
		{0E96D561-BB20-432C-BD60-51F86095E0BC}.Release|Any CPU.ActiveCfg = Release|Any CPU
		{0E96D561-BB20-432C-BD60-51F86095E0BC}.Release|Any CPU.Build.0 = Release|Any CPU
		{F8E6ED1B-DFAE-4654-BD7E-DF0656F8B361}.Debug|Any CPU.ActiveCfg = Debug|Any CPU
		{F8E6ED1B-DFAE-4654-BD7E-DF0656F8B361}.Debug|Any CPU.Build.0 = Debug|Any CPU
		{F8E6ED1B-DFAE-4654-BD7E-DF0656F8B361}.Release|Any CPU.ActiveCfg = Release|Any CPU
		{F8E6ED1B-DFAE-4654-BD7E-DF0656F8B361}.Release|Any CPU.Build.0 = Release|Any CPU
	EndGlobalSection
	GlobalSection(SolutionProperties) = preSolution
		HideSolutionNode = FALSE
	EndGlobalSection
	GlobalSection(ExtensibilityGlobals) = postSolution
		SolutionGuid = {5A23FD28-42DF-4DC6-9323-517DCD8C1EE3}
	EndGlobalSection
EndGlobal
