
Microsoft Visual Studio Solution File, Format Version 12.00
# Visual Studio Version 17
VisualStudioVersion = 17.4.33205.214
MinimumVisualStudioVersion = 10.0.40219.1
Project("{9A19103F-16F7-4668-BE54-9A1E7A4F7556}") = "ServerApp", "ServerApp\ServerApp.csproj", "{7D6A9589-11C4-41FE-BBF4-D5331C738A5E}"
EndProject
Project("{9A19103F-16F7-4668-BE54-9A1E7A4F7556}") = "ClientApp", "ClientApp\ClientApp.csproj", "{2AAFB8A0-1EB6-436A-AEBE-846B1A3F86A1}"
EndProject
Project("{9A19103F-16F7-4668-BE54-9A1E7A4F7556}") = "UDPServerApp", "UDPServerApp\UDPServerApp.csproj", "{3AB1FC53-95F3-49BF-AB5D-666E0936AB58}"
EndProject
Project("{9A19103F-16F7-4668-BE54-9A1E7A4F7556}") = "UDPClientApp", "UDPClientApp\UDPClientApp.csproj", "{5F397DD1-D720-46F7-BEDF-0E992A0A8C47}"
EndProject
Project("{FAE04EC0-301F-11D3-BF4B-00C04F79EFBC}") = "ThreadDemo01", "ThreadDemo01\ThreadDemo01.csproj", "{E2DFD652-AD14-4AD9-B724-D38E6468A412}"
EndProject
Global
	GlobalSection(SolutionConfigurationPlatforms) = preSolution
		Debug|Any CPU = Debug|Any CPU
		Release|Any CPU = Release|Any CPU
	EndGlobalSection
	GlobalSection(ProjectConfigurationPlatforms) = postSolution
		{7D6A9589-11C4-41FE-BBF4-D5331C738A5E}.Debug|Any CPU.ActiveCfg = Debug|Any CPU
		{7D6A9589-11C4-41FE-BBF4-D5331C738A5E}.Debug|Any CPU.Build.0 = Debug|Any CPU
		{7D6A9589-11C4-41FE-BBF4-D5331C738A5E}.Release|Any CPU.ActiveCfg = Release|Any CPU
		{7D6A9589-11C4-41FE-BBF4-D5331C738A5E}.Release|Any CPU.Build.0 = Release|Any CPU
		{2AAFB8A0-1EB6-436A-AEBE-846B1A3F86A1}.Debug|Any CPU.ActiveCfg = Debug|Any CPU
		{2AAFB8A0-1EB6-436A-AEBE-846B1A3F86A1}.Debug|Any CPU.Build.0 = Debug|Any CPU
		{2AAFB8A0-1EB6-436A-AEBE-846B1A3F86A1}.Release|Any CPU.ActiveCfg = Release|Any CPU
		{2AAFB8A0-1EB6-436A-AEBE-846B1A3F86A1}.Release|Any CPU.Build.0 = Release|Any CPU
		{3AB1FC53-95F3-49BF-AB5D-666E0936AB58}.Debug|Any CPU.ActiveCfg = Debug|Any CPU
		{3AB1FC53-95F3-49BF-AB5D-666E0936AB58}.Debug|Any CPU.Build.0 = Debug|Any CPU
		{3AB1FC53-95F3-49BF-AB5D-666E0936AB58}.Release|Any CPU.ActiveCfg = Release|Any CPU
		{3AB1FC53-95F3-49BF-AB5D-666E0936AB58}.Release|Any CPU.Build.0 = Release|Any CPU
		{5F397DD1-D720-46F7-BEDF-0E992A0A8C47}.Debug|Any CPU.ActiveCfg = Debug|Any CPU
		{5F397DD1-D720-46F7-BEDF-0E992A0A8C47}.Debug|Any CPU.Build.0 = Debug|Any CPU
		{5F397DD1-D720-46F7-BEDF-0E992A0A8C47}.Release|Any CPU.ActiveCfg = Release|Any CPU
		{5F397DD1-D720-46F7-BEDF-0E992A0A8C47}.Release|Any CPU.Build.0 = Release|Any CPU
		{E2DFD652-AD14-4AD9-B724-D38E6468A412}.Debug|Any CPU.ActiveCfg = Debug|Any CPU
		{E2DFD652-AD14-4AD9-B724-D38E6468A412}.Debug|Any CPU.Build.0 = Debug|Any CPU
		{E2DFD652-AD14-4AD9-B724-D38E6468A412}.Release|Any CPU.ActiveCfg = Release|Any CPU
		{E2DFD652-AD14-4AD9-B724-D38E6468A412}.Release|Any CPU.Build.0 = Release|Any CPU
	EndGlobalSection
	GlobalSection(SolutionProperties) = preSolution
		HideSolutionNode = FALSE
	EndGlobalSection
	GlobalSection(ExtensibilityGlobals) = postSolution
		SolutionGuid = {E9E8ABC9-5EB5-451A-80E1-353B333B59A8}
	EndGlobalSection
EndGlobal
