
Microsoft Visual Studio Solution File, Format Version 12.00
# Visual Studio Version 17
VisualStudioVersion = 17.8.34408.163
MinimumVisualStudioVersion = 10.0.40219.1
Project("{9A19103F-16F7-4668-BE54-9A1E7A4F7556}") = "TCPClient", "TCPClient\TCPClient.csproj", "{AF6EE136-39A0-42DD-904D-784D93865829}"
EndProject
Project("{FAE04EC0-301F-11D3-BF4B-00C04F79EFBC}") = "TCPSever", "Sever\TCPSever.csproj", "{D9A71711-E731-426C-84F2-73FB944A6BD1}"
EndProject
Global
	GlobalSection(SolutionConfigurationPlatforms) = preSolution
		Debug|Any CPU = Debug|Any CPU
		Release|Any CPU = Release|Any CPU
	EndGlobalSection
	GlobalSection(ProjectConfigurationPlatforms) = postSolution
		{AF6EE136-39A0-42DD-904D-784D93865829}.Debug|Any CPU.ActiveCfg = Debug|Any CPU
		{AF6EE136-39A0-42DD-904D-784D93865829}.Debug|Any CPU.Build.0 = Debug|Any CPU
		{AF6EE136-39A0-42DD-904D-784D93865829}.Release|Any CPU.ActiveCfg = Release|Any CPU
		{AF6EE136-39A0-42DD-904D-784D93865829}.Release|Any CPU.Build.0 = Release|Any CPU
		{D9A71711-E731-426C-84F2-73FB944A6BD1}.Debug|Any CPU.ActiveCfg = Debug|Any CPU
		{D9A71711-E731-426C-84F2-73FB944A6BD1}.Debug|Any CPU.Build.0 = Debug|Any CPU
		{D9A71711-E731-426C-84F2-73FB944A6BD1}.Release|Any CPU.ActiveCfg = Release|Any CPU
		{D9A71711-E731-426C-84F2-73FB944A6BD1}.Release|Any CPU.Build.0 = Release|Any CPU
	EndGlobalSection
	GlobalSection(SolutionProperties) = preSolution
		HideSolutionNode = FALSE
	EndGlobalSection
	GlobalSection(ExtensibilityGlobals) = postSolution
		SolutionGuid = {8EB961E3-306A-4D38-8CB9-CF66528BB6CD}
	EndGlobalSection
EndGlobal
