
Microsoft Visual Studio Solution File, Format Version 12.00
# Visual Studio Version 17
VisualStudioVersion = 17.7.34221.43
MinimumVisualStudioVersion = 10.0.40219.1
Project("{9A19103F-16F7-4668-BE54-9A1E7A4F7556}") = "Vinh", "Vinh.csproj", "{66A922CD-DF15-4939-BC54-A2A8284E14E5}"
EndProject
Global
	GlobalSection(SolutionConfigurationPlatforms) = preSolution
		Debug|Any CPU = Debug|Any CPU
		Release|Any CPU = Release|Any CPU
	EndGlobalSection
	GlobalSection(ProjectConfigurationPlatforms) = postSolution
		{66A922CD-DF15-4939-BC54-A2A8284E14E5}.Debug|Any CPU.ActiveCfg = Debug|Any CPU
		{66A922CD-DF15-4939-BC54-A2A8284E14E5}.Debug|Any CPU.Build.0 = Debug|Any CPU
		{66A922CD-DF15-4939-BC54-A2A8284E14E5}.Release|Any CPU.ActiveCfg = Release|Any CPU
		{66A922CD-DF15-4939-BC54-A2A8284E14E5}.Release|Any CPU.Build.0 = Release|Any CPU
	EndGlobalSection
	GlobalSection(SolutionProperties) = preSolution
		HideSolutionNode = FALSE
	EndGlobalSection
	GlobalSection(ExtensibilityGlobals) = postSolution
		SolutionGuid = {DDE9812F-5D75-46F0-A7E8-F2661CDA3D0C}
	EndGlobalSection
EndGlobal
